
Microsoft Visual Studio Solution File, Format Version 12.00
# Visual Studio Version 17
VisualStudioVersion = 17.11.35327.3
MinimumVisualStudioVersion = 10.0.40219.1
Project("{FAE04EC0-301F-11D3-BF4B-00C04F79EFBC}") = "Server", "Server.csproj", "{615039DD-95DC-4DDF-AEDC-4B3BB9494473}"
EndProject
Global
	GlobalSection(SolutionConfigurationPlatforms) = preSolution
		Debug|Any CPU = Debug|Any CPU
		Release|Any CPU = Release|Any CPU
	EndGlobalSection
	GlobalSection(ProjectConfigurationPlatforms) = postSolution
		{615039DD-95DC-4DDF-AEDC-4B3BB9494473}.Debug|Any CPU.ActiveCfg = Debug|Any CPU
		{615039DD-95DC-4DDF-AEDC-4B3BB9494473}.Debug|Any CPU.Build.0 = Debug|Any CPU
		{615039DD-95DC-4DDF-AEDC-4B3BB9494473}.Release|Any CPU.ActiveCfg = Release|Any CPU
		{615039DD-95DC-4DDF-AEDC-4B3BB9494473}.Release|Any CPU.Build.0 = Release|Any CPU
	EndGlobalSection
	GlobalSection(SolutionProperties) = preSolution
		HideSolutionNode = FALSE
	EndGlobalSection
	GlobalSection(ExtensibilityGlobals) = postSolution
		SolutionGuid = {EA5F5EB5-5861-491B-9F30-7B633B7A13E4}
	EndGlobalSection
EndGlobal
