
Microsoft Visual Studio Solution File, Format Version 12.00
# Visual Studio Version 17
VisualStudioVersion = 17.11.35327.3
MinimumVisualStudioVersion = 10.0.40219.1
Project("{FAE04EC0-301F-11D3-BF4B-00C04F79EFBC}") = "dotNet", "dotNet.csproj", "{407A274D-6EB2-499C-B323-F503DB733763}"
EndProject
Project("{FAE04EC0-301F-11D3-BF4B-00C04F79EFBC}") = "Sub", "..\Sub\Sub.csproj", "{EB6C10CE-B5A5-4C09-B590-584CE408BA90}"
EndProject
Global
	GlobalSection(SolutionConfigurationPlatforms) = preSolution
		Debug|Any CPU = Debug|Any CPU
		Release|Any CPU = Release|Any CPU
	EndGlobalSection
	GlobalSection(ProjectConfigurationPlatforms) = postSolution
		{407A274D-6EB2-499C-B323-F503DB733763}.Debug|Any CPU.ActiveCfg = Debug|Any CPU
		{407A274D-6EB2-499C-B323-F503DB733763}.Debug|Any CPU.Build.0 = Debug|Any CPU
		{407A274D-6EB2-499C-B323-F503DB733763}.Release|Any CPU.ActiveCfg = Release|Any CPU
		{407A274D-6EB2-499C-B323-F503DB733763}.Release|Any CPU.Build.0 = Release|Any CPU
		{EB6C10CE-B5A5-4C09-B590-584CE408BA90}.Debug|Any CPU.ActiveCfg = Debug|Any CPU
		{EB6C10CE-B5A5-4C09-B590-584CE408BA90}.Debug|Any CPU.Build.0 = Debug|Any CPU
		{EB6C10CE-B5A5-4C09-B590-584CE408BA90}.Release|Any CPU.ActiveCfg = Release|Any CPU
		{EB6C10CE-B5A5-4C09-B590-584CE408BA90}.Release|Any CPU.Build.0 = Release|Any CPU
	EndGlobalSection
	GlobalSection(SolutionProperties) = preSolution
		HideSolutionNode = FALSE
	EndGlobalSection
	GlobalSection(ExtensibilityGlobals) = postSolution
		SolutionGuid = {1A9D6166-F81C-46CD-8DC0-F38E4276321A}
	EndGlobalSection
EndGlobal
