
Microsoft Visual Studio Solution File, Format Version 12.00
# Visual Studio Version 17
VisualStudioVersion = 17.11.35327.3
MinimumVisualStudioVersion = 10.0.40219.1
Project("{FAE04EC0-301F-11D3-BF4B-00C04F79EFBC}") = "Asynchronous Echo Server", "Asynchronous Echo Server.csproj", "{3A5F8488-133D-4C12-A33B-3416115F93CB}"
EndProject
Global
	GlobalSection(SolutionConfigurationPlatforms) = preSolution
		Debug|Any CPU = Debug|Any CPU
		Release|Any CPU = Release|Any CPU
	EndGlobalSection
	GlobalSection(ProjectConfigurationPlatforms) = postSolution
		{3A5F8488-133D-4C12-A33B-3416115F93CB}.Debug|Any CPU.ActiveCfg = Debug|Any CPU
		{3A5F8488-133D-4C12-A33B-3416115F93CB}.Debug|Any CPU.Build.0 = Debug|Any CPU
		{3A5F8488-133D-4C12-A33B-3416115F93CB}.Release|Any CPU.ActiveCfg = Release|Any CPU
		{3A5F8488-133D-4C12-A33B-3416115F93CB}.Release|Any CPU.Build.0 = Release|Any CPU
	EndGlobalSection
	GlobalSection(SolutionProperties) = preSolution
		HideSolutionNode = FALSE
	EndGlobalSection
	GlobalSection(ExtensibilityGlobals) = postSolution
		SolutionGuid = {C8355502-6432-4A2B-B160-F18E44A82F77}
	EndGlobalSection
EndGlobal
